
Microsoft Visual Studio Solution File, Format Version 12.00
# Visual Studio Version 17
VisualStudioVersion = 17.8.34309.116
MinimumVisualStudioVersion = 10.0.40219.1
Project("{9A19103F-16F7-4668-BE54-9A1E7A4F7556}") = "Benday.Presentation", "Benday.Presentation\Benday.Presentation.csproj", "{979F3939-B522-4EE0-85E6-F6AC27302F5A}"
EndProject
Project("{9A19103F-16F7-4668-BE54-9A1E7A4F7556}") = "Benday.Presentation.Controls", "Benday.Presentation.Controls\Benday.Presentation.Controls.csproj", "{3C077B8B-D474-412C-A789-76DB38C9C3CA}"
EndProject
Project("{9A19103F-16F7-4668-BE54-9A1E7A4F7556}") = "Benday.Presentation.DemoApp", "Benday.Presentation.DemoApp\Benday.Presentation.DemoApp.csproj", "{03F339F4-5A2F-4DAD-A22F-EB20AB057EE9}"
EndProject
Project("{2150E333-8FDC-42A3-9474-1A3956D46DE8}") = "Solution Items", "Solution Items", "{01022E0C-A8E1-45DD-826E-3AE0FAC699C6}"
	ProjectSection(SolutionItems) = preProject
		copy-docfx-site-to-docs.sh = copy-docfx-site-to-docs.sh
		generate-docfx-docs.sh = generate-docfx-docs.sh
		LICENSE = LICENSE
		README-for-nuget-controls.md = README-for-nuget-controls.md
		README-for-nuget-presentation.md = README-for-nuget-presentation.md
		README.md = README.md
		run-on-iphone-simulator.sh = run-on-iphone-simulator.sh
		run-on-physical-iphone.sh = run-on-physical-iphone.sh
		serve-docfx-docs.sh = serve-docfx-docs.sh
	EndProjectSection
EndProject
Project("{9A19103F-16F7-4668-BE54-9A1E7A4F7556}") = "Benday.Presentation.DemoApp.Api", "Benday.Presentation.DemoApp.Api\Benday.Presentation.DemoApp.Api.csproj", "{81EC89F1-2785-4D4D-AFCE-9645077FAEC9}"
EndProject
Project("{9A19103F-16F7-4668-BE54-9A1E7A4F7556}") = "Benday.Presentation.UnitTests", "Benday.Presentation.UnitTests\Benday.Presentation.UnitTests.csproj", "{3B7792A0-8EFD-4A20-9420-97503D8B131C}"
EndProject
Project("{9A19103F-16F7-4668-BE54-9A1E7A4F7556}") = "Benday.Presentation.DemoApp.UnitTests", "Benday.Presentation.DemoApp.UnitTests\Benday.Presentation.DemoApp.UnitTests.csproj", "{B33A341A-A13D-490E-84E3-61089B43247D}"
EndProject
Global
	GlobalSection(SolutionConfigurationPlatforms) = preSolution
		Debug|Any CPU = Debug|Any CPU
		Debug-nuget-pkgs|Any CPU = Debug-nuget-pkgs|Any CPU
		debug-only-nuget|Any CPU = debug-only-nuget|Any CPU
		Release|Any CPU = Release|Any CPU
	EndGlobalSection
	GlobalSection(ProjectConfigurationPlatforms) = postSolution
		{979F3939-B522-4EE0-85E6-F6AC27302F5A}.Debug|Any CPU.ActiveCfg = Debug|Any CPU
		{979F3939-B522-4EE0-85E6-F6AC27302F5A}.Debug|Any CPU.Build.0 = Debug|Any CPU
		{979F3939-B522-4EE0-85E6-F6AC27302F5A}.Debug-nuget-pkgs|Any CPU.ActiveCfg = Debug-nuget-pkgs|Any CPU
		{979F3939-B522-4EE0-85E6-F6AC27302F5A}.Debug-nuget-pkgs|Any CPU.Build.0 = Debug-nuget-pkgs|Any CPU
		{979F3939-B522-4EE0-85E6-F6AC27302F5A}.debug-only-nuget|Any CPU.ActiveCfg = debug-only-nuget|Any CPU
		{979F3939-B522-4EE0-85E6-F6AC27302F5A}.debug-only-nuget|Any CPU.Build.0 = debug-only-nuget|Any CPU
		{979F3939-B522-4EE0-85E6-F6AC27302F5A}.Release|Any CPU.ActiveCfg = Release|Any CPU
		{979F3939-B522-4EE0-85E6-F6AC27302F5A}.Release|Any CPU.Build.0 = Release|Any CPU
		{3C077B8B-D474-412C-A789-76DB38C9C3CA}.Debug|Any CPU.ActiveCfg = Debug|Any CPU
		{3C077B8B-D474-412C-A789-76DB38C9C3CA}.Debug|Any CPU.Build.0 = Debug|Any CPU
		{3C077B8B-D474-412C-A789-76DB38C9C3CA}.Debug-nuget-pkgs|Any CPU.ActiveCfg = Debug-nuget-pkgs|Any CPU
		{3C077B8B-D474-412C-A789-76DB38C9C3CA}.Debug-nuget-pkgs|Any CPU.Build.0 = Debug-nuget-pkgs|Any CPU
		{3C077B8B-D474-412C-A789-76DB38C9C3CA}.debug-only-nuget|Any CPU.ActiveCfg = debug-only-nuget|Any CPU
		{3C077B8B-D474-412C-A789-76DB38C9C3CA}.debug-only-nuget|Any CPU.Build.0 = debug-only-nuget|Any CPU
		{3C077B8B-D474-412C-A789-76DB38C9C3CA}.Release|Any CPU.ActiveCfg = Release|Any CPU
		{3C077B8B-D474-412C-A789-76DB38C9C3CA}.Release|Any CPU.Build.0 = Release|Any CPU
		{03F339F4-5A2F-4DAD-A22F-EB20AB057EE9}.Debug|Any CPU.ActiveCfg = Debug|Any CPU
		{03F339F4-5A2F-4DAD-A22F-EB20AB057EE9}.Debug|Any CPU.Build.0 = Debug|Any CPU
		{03F339F4-5A2F-4DAD-A22F-EB20AB057EE9}.Debug|Any CPU.Deploy.0 = Debug|Any CPU
		{03F339F4-5A2F-4DAD-A22F-EB20AB057EE9}.Debug-nuget-pkgs|Any CPU.ActiveCfg = Debug|Any CPU
		{03F339F4-5A2F-4DAD-A22F-EB20AB057EE9}.Debug-nuget-pkgs|Any CPU.Build.0 = Debug|Any CPU
		{03F339F4-5A2F-4DAD-A22F-EB20AB057EE9}.Debug-nuget-pkgs|Any CPU.Deploy.0 = Debug|Any CPU
		{03F339F4-5A2F-4DAD-A22F-EB20AB057EE9}.debug-only-nuget|Any CPU.ActiveCfg = Debug|Any CPU
		{03F339F4-5A2F-4DAD-A22F-EB20AB057EE9}.debug-only-nuget|Any CPU.Build.0 = Debug|Any CPU
		{03F339F4-5A2F-4DAD-A22F-EB20AB057EE9}.debug-only-nuget|Any CPU.Deploy.0 = Debug|Any CPU
		{03F339F4-5A2F-4DAD-A22F-EB20AB057EE9}.Release|Any CPU.ActiveCfg = Release|Any CPU
		{03F339F4-5A2F-4DAD-A22F-EB20AB057EE9}.Release|Any CPU.Build.0 = Release|Any CPU
		{03F339F4-5A2F-4DAD-A22F-EB20AB057EE9}.Release|Any CPU.Deploy.0 = Release|Any CPU
		{81EC89F1-2785-4D4D-AFCE-9645077FAEC9}.Debug|Any CPU.ActiveCfg = Debug|Any CPU
		{81EC89F1-2785-4D4D-AFCE-9645077FAEC9}.Debug|Any CPU.Build.0 = Debug|Any CPU
		{81EC89F1-2785-4D4D-AFCE-9645077FAEC9}.Debug-nuget-pkgs|Any CPU.ActiveCfg = Debug|Any CPU
		{81EC89F1-2785-4D4D-AFCE-9645077FAEC9}.Debug-nuget-pkgs|Any CPU.Build.0 = Debug|Any CPU
		{81EC89F1-2785-4D4D-AFCE-9645077FAEC9}.debug-only-nuget|Any CPU.ActiveCfg = Debug|Any CPU
		{81EC89F1-2785-4D4D-AFCE-9645077FAEC9}.debug-only-nuget|Any CPU.Build.0 = Debug|Any CPU
		{81EC89F1-2785-4D4D-AFCE-9645077FAEC9}.Release|Any CPU.ActiveCfg = Release|Any CPU
		{81EC89F1-2785-4D4D-AFCE-9645077FAEC9}.Release|Any CPU.Build.0 = Release|Any CPU
		{3B7792A0-8EFD-4A20-9420-97503D8B131C}.Debug|Any CPU.ActiveCfg = Debug|Any CPU
		{3B7792A0-8EFD-4A20-9420-97503D8B131C}.Debug|Any CPU.Build.0 = Debug|Any CPU
		{3B7792A0-8EFD-4A20-9420-97503D8B131C}.Debug-nuget-pkgs|Any CPU.ActiveCfg = Debug|Any CPU
		{3B7792A0-8EFD-4A20-9420-97503D8B131C}.Debug-nuget-pkgs|Any CPU.Build.0 = Debug|Any CPU
		{3B7792A0-8EFD-4A20-9420-97503D8B131C}.debug-only-nuget|Any CPU.ActiveCfg = Debug|Any CPU
		{3B7792A0-8EFD-4A20-9420-97503D8B131C}.debug-only-nuget|Any CPU.Build.0 = Debug|Any CPU
		{3B7792A0-8EFD-4A20-9420-97503D8B131C}.Release|Any CPU.ActiveCfg = Release|Any CPU
		{3B7792A0-8EFD-4A20-9420-97503D8B131C}.Release|Any CPU.Build.0 = Release|Any CPU
		{B33A341A-A13D-490E-84E3-61089B43247D}.Debug|Any CPU.ActiveCfg = Debug|Any CPU
		{B33A341A-A13D-490E-84E3-61089B43247D}.Debug|Any CPU.Build.0 = Debug|Any CPU
		{B33A341A-A13D-490E-84E3-61089B43247D}.Debug-nuget-pkgs|Any CPU.ActiveCfg = Debug|Any CPU
		{B33A341A-A13D-490E-84E3-61089B43247D}.Debug-nuget-pkgs|Any CPU.Build.0 = Debug|Any CPU
		{B33A341A-A13D-490E-84E3-61089B43247D}.debug-only-nuget|Any CPU.ActiveCfg = Debug|Any CPU
		{B33A341A-A13D-490E-84E3-61089B43247D}.debug-only-nuget|Any CPU.Build.0 = Debug|Any CPU
		{B33A341A-A13D-490E-84E3-61089B43247D}.Release|Any CPU.ActiveCfg = Release|Any CPU
		{B33A341A-A13D-490E-84E3-61089B43247D}.Release|Any CPU.Build.0 = Release|Any CPU
	EndGlobalSection
	GlobalSection(SolutionProperties) = preSolution
		HideSolutionNode = FALSE
	EndGlobalSection
	GlobalSection(ExtensibilityGlobals) = postSolution
		SolutionGuid = {A276EDD6-5B1A-4904-8F36-46ED61AE44B0}
	EndGlobalSection
EndGlobal
