
Microsoft Visual Studio Solution File, Format Version 12.00
# Visual Studio Version 17
VisualStudioVersion = 17.8.34309.116
MinimumVisualStudioVersion = 10.0.40219.1
Project("{FAE04EC0-301F-11D3-BF4B-00C04F79EFBC}") = "MauiApp1", "MauiApp1\MauiApp1.csproj", "{5548DDE0-E05B-4012-BE75-BCD80370D501}"
EndProject
Project("{FAE04EC0-301F-11D3-BF4B-00C04F79EFBC}") = "Benday.Presentation", "Benday.Presentation\Benday.Presentation.csproj", "{979F3939-B522-4EE0-85E6-F6AC27302F5A}"
EndProject
Global
	GlobalSection(SolutionConfigurationPlatforms) = preSolution
		Debug|Any CPU = Debug|Any CPU
		Release|Any CPU = Release|Any CPU
	EndGlobalSection
	GlobalSection(ProjectConfigurationPlatforms) = postSolution
		{5548DDE0-E05B-4012-BE75-BCD80370D501}.Debug|Any CPU.ActiveCfg = Debug|Any CPU
		{5548DDE0-E05B-4012-BE75-BCD80370D501}.Debug|Any CPU.Build.0 = Debug|Any CPU
		{5548DDE0-E05B-4012-BE75-BCD80370D501}.Debug|Any CPU.Deploy.0 = Debug|Any CPU
		{5548DDE0-E05B-4012-BE75-BCD80370D501}.Release|Any CPU.ActiveCfg = Release|Any CPU
		{5548DDE0-E05B-4012-BE75-BCD80370D501}.Release|Any CPU.Build.0 = Release|Any CPU
		{5548DDE0-E05B-4012-BE75-BCD80370D501}.Release|Any CPU.Deploy.0 = Release|Any CPU
		{979F3939-B522-4EE0-85E6-F6AC27302F5A}.Debug|Any CPU.ActiveCfg = Debug|Any CPU
		{979F3939-B522-4EE0-85E6-F6AC27302F5A}.Debug|Any CPU.Build.0 = Debug|Any CPU
		{979F3939-B522-4EE0-85E6-F6AC27302F5A}.Release|Any CPU.ActiveCfg = Release|Any CPU
		{979F3939-B522-4EE0-85E6-F6AC27302F5A}.Release|Any CPU.Build.0 = Release|Any CPU
	EndGlobalSection
	GlobalSection(SolutionProperties) = preSolution
		HideSolutionNode = FALSE
	EndGlobalSection
	GlobalSection(ExtensibilityGlobals) = postSolution
		SolutionGuid = {A276EDD6-5B1A-4904-8F36-46ED61AE44B0}
	EndGlobalSection
EndGlobal
