
Microsoft Visual Studio Solution File, Format Version 12.00
# Visual Studio Version 17
VisualStudioVersion = 17.8.34309.116
MinimumVisualStudioVersion = 10.0.40219.1
Project("{9A19103F-16F7-4668-BE54-9A1E7A4F7556}") = "Benday.ControlsAndViewModelSample", "Benday.ControlsAndViewModelSample\Benday.ControlsAndViewModelSample.csproj", "{5548DDE0-E05B-4012-BE75-BCD80370D501}"
EndProject
Project("{9A19103F-16F7-4668-BE54-9A1E7A4F7556}") = "Benday.Presentation", "Benday.Presentation\Benday.Presentation.csproj", "{979F3939-B522-4EE0-85E6-F6AC27302F5A}"
EndProject
Project("{9A19103F-16F7-4668-BE54-9A1E7A4F7556}") = "Benday.Presentation.Controls", "Benday.Presentation.Controls\Benday.Presentation.Controls.csproj", "{3C077B8B-D474-412C-A789-76DB38C9C3CA}"
EndProject
Project("{FAE04EC0-301F-11D3-BF4B-00C04F79EFBC}") = "Benday.Presentation.DemoApp", "Benday.Presentation.DemoApp\Benday.Presentation.DemoApp.csproj", "{03F339F4-5A2F-4DAD-A22F-EB20AB057EE9}"
EndProject
Global
	GlobalSection(SolutionConfigurationPlatforms) = preSolution
		Debug|Any CPU = Debug|Any CPU
		Debug-nuget-pkgs|Any CPU = Debug-nuget-pkgs|Any CPU
		debug-only-nuget|Any CPU = debug-only-nuget|Any CPU
		Release|Any CPU = Release|Any CPU
	EndGlobalSection
	GlobalSection(ProjectConfigurationPlatforms) = postSolution
		{5548DDE0-E05B-4012-BE75-BCD80370D501}.Debug|Any CPU.ActiveCfg = Debug|Any CPU
		{5548DDE0-E05B-4012-BE75-BCD80370D501}.Debug|Any CPU.Build.0 = Debug|Any CPU
		{5548DDE0-E05B-4012-BE75-BCD80370D501}.Debug|Any CPU.Deploy.0 = Debug|Any CPU
		{5548DDE0-E05B-4012-BE75-BCD80370D501}.Debug-nuget-pkgs|Any CPU.ActiveCfg = Debug-nuget-pkgs|Any CPU
		{5548DDE0-E05B-4012-BE75-BCD80370D501}.Debug-nuget-pkgs|Any CPU.Build.0 = Debug-nuget-pkgs|Any CPU
		{5548DDE0-E05B-4012-BE75-BCD80370D501}.Debug-nuget-pkgs|Any CPU.Deploy.0 = Debug-nuget-pkgs|Any CPU
		{5548DDE0-E05B-4012-BE75-BCD80370D501}.debug-only-nuget|Any CPU.ActiveCfg = debug-only-nuget|Any CPU
		{5548DDE0-E05B-4012-BE75-BCD80370D501}.debug-only-nuget|Any CPU.Build.0 = debug-only-nuget|Any CPU
		{5548DDE0-E05B-4012-BE75-BCD80370D501}.debug-only-nuget|Any CPU.Deploy.0 = debug-only-nuget|Any CPU
		{5548DDE0-E05B-4012-BE75-BCD80370D501}.Release|Any CPU.ActiveCfg = Release|Any CPU
		{5548DDE0-E05B-4012-BE75-BCD80370D501}.Release|Any CPU.Build.0 = Release|Any CPU
		{5548DDE0-E05B-4012-BE75-BCD80370D501}.Release|Any CPU.Deploy.0 = Release|Any CPU
		{979F3939-B522-4EE0-85E6-F6AC27302F5A}.Debug|Any CPU.ActiveCfg = Debug|Any CPU
		{979F3939-B522-4EE0-85E6-F6AC27302F5A}.Debug|Any CPU.Build.0 = Debug|Any CPU
		{979F3939-B522-4EE0-85E6-F6AC27302F5A}.Debug-nuget-pkgs|Any CPU.ActiveCfg = Debug-nuget-pkgs|Any CPU
		{979F3939-B522-4EE0-85E6-F6AC27302F5A}.Debug-nuget-pkgs|Any CPU.Build.0 = Debug-nuget-pkgs|Any CPU
		{979F3939-B522-4EE0-85E6-F6AC27302F5A}.debug-only-nuget|Any CPU.ActiveCfg = debug-only-nuget|Any CPU
		{979F3939-B522-4EE0-85E6-F6AC27302F5A}.debug-only-nuget|Any CPU.Build.0 = debug-only-nuget|Any CPU
		{979F3939-B522-4EE0-85E6-F6AC27302F5A}.Release|Any CPU.ActiveCfg = Release|Any CPU
		{979F3939-B522-4EE0-85E6-F6AC27302F5A}.Release|Any CPU.Build.0 = Release|Any CPU
		{3C077B8B-D474-412C-A789-76DB38C9C3CA}.Debug|Any CPU.ActiveCfg = Debug|Any CPU
		{3C077B8B-D474-412C-A789-76DB38C9C3CA}.Debug|Any CPU.Build.0 = Debug|Any CPU
		{3C077B8B-D474-412C-A789-76DB38C9C3CA}.Debug-nuget-pkgs|Any CPU.ActiveCfg = Debug-nuget-pkgs|Any CPU
		{3C077B8B-D474-412C-A789-76DB38C9C3CA}.Debug-nuget-pkgs|Any CPU.Build.0 = Debug-nuget-pkgs|Any CPU
		{3C077B8B-D474-412C-A789-76DB38C9C3CA}.debug-only-nuget|Any CPU.ActiveCfg = debug-only-nuget|Any CPU
		{3C077B8B-D474-412C-A789-76DB38C9C3CA}.debug-only-nuget|Any CPU.Build.0 = debug-only-nuget|Any CPU
		{3C077B8B-D474-412C-A789-76DB38C9C3CA}.Release|Any CPU.ActiveCfg = Release|Any CPU
		{3C077B8B-D474-412C-A789-76DB38C9C3CA}.Release|Any CPU.Build.0 = Release|Any CPU
		{03F339F4-5A2F-4DAD-A22F-EB20AB057EE9}.Debug|Any CPU.ActiveCfg = Debug|Any CPU
		{03F339F4-5A2F-4DAD-A22F-EB20AB057EE9}.Debug|Any CPU.Build.0 = Debug|Any CPU
		{03F339F4-5A2F-4DAD-A22F-EB20AB057EE9}.Debug|Any CPU.Deploy.0 = Debug|Any CPU
		{03F339F4-5A2F-4DAD-A22F-EB20AB057EE9}.Debug-nuget-pkgs|Any CPU.ActiveCfg = Debug|Any CPU
		{03F339F4-5A2F-4DAD-A22F-EB20AB057EE9}.Debug-nuget-pkgs|Any CPU.Build.0 = Debug|Any CPU
		{03F339F4-5A2F-4DAD-A22F-EB20AB057EE9}.Debug-nuget-pkgs|Any CPU.Deploy.0 = Debug|Any CPU
		{03F339F4-5A2F-4DAD-A22F-EB20AB057EE9}.debug-only-nuget|Any CPU.ActiveCfg = Debug|Any CPU
		{03F339F4-5A2F-4DAD-A22F-EB20AB057EE9}.debug-only-nuget|Any CPU.Build.0 = Debug|Any CPU
		{03F339F4-5A2F-4DAD-A22F-EB20AB057EE9}.debug-only-nuget|Any CPU.Deploy.0 = Debug|Any CPU
		{03F339F4-5A2F-4DAD-A22F-EB20AB057EE9}.Release|Any CPU.ActiveCfg = Release|Any CPU
		{03F339F4-5A2F-4DAD-A22F-EB20AB057EE9}.Release|Any CPU.Build.0 = Release|Any CPU
		{03F339F4-5A2F-4DAD-A22F-EB20AB057EE9}.Release|Any CPU.Deploy.0 = Release|Any CPU
	EndGlobalSection
	GlobalSection(SolutionProperties) = preSolution
		HideSolutionNode = FALSE
	EndGlobalSection
	GlobalSection(ExtensibilityGlobals) = postSolution
		SolutionGuid = {A276EDD6-5B1A-4904-8F36-46ED61AE44B0}
	EndGlobalSection
EndGlobal
